
Microsoft Visual Studio Solution File, Format Version 12.00
# Visual Studio Version 16
VisualStudioVersion = 16.0.29709.97
MinimumVisualStudioVersion = 10.0.40219.1
Project("{FAE04EC0-301F-11D3-BF4B-00C04F79EFBC}") = "Magix.FeriadosMoveis", "Magix.FeriadosMoveis\Magix.FeriadosMoveis.csproj", "{7B997EEA-7B7D-44F0-BEC3-EB6AF978446A}"
EndProject
Project("{FAE04EC0-301F-11D3-BF4B-00C04F79EFBC}") = "TestFeriadosMoveis.cs", "TestFeriadosMoveis.cs\TestFeriadosMoveis.cs.csproj", "{068F0497-0909-4378-9383-DD6C7A82CD5D}"
EndProject
Global
	GlobalSection(SolutionConfigurationPlatforms) = preSolution
		Debug|Any CPU = Debug|Any CPU
		Release|Any CPU = Release|Any CPU
	EndGlobalSection
	GlobalSection(ProjectConfigurationPlatforms) = postSolution
		{7B997EEA-7B7D-44F0-BEC3-EB6AF978446A}.Debug|Any CPU.ActiveCfg = Debug|Any CPU
		{7B997EEA-7B7D-44F0-BEC3-EB6AF978446A}.Debug|Any CPU.Build.0 = Debug|Any CPU
		{7B997EEA-7B7D-44F0-BEC3-EB6AF978446A}.Release|Any CPU.ActiveCfg = Release|Any CPU
		{7B997EEA-7B7D-44F0-BEC3-EB6AF978446A}.Release|Any CPU.Build.0 = Release|Any CPU
		{068F0497-0909-4378-9383-DD6C7A82CD5D}.Debug|Any CPU.ActiveCfg = Debug|Any CPU
		{068F0497-0909-4378-9383-DD6C7A82CD5D}.Debug|Any CPU.Build.0 = Debug|Any CPU
		{068F0497-0909-4378-9383-DD6C7A82CD5D}.Release|Any CPU.ActiveCfg = Release|Any CPU
		{068F0497-0909-4378-9383-DD6C7A82CD5D}.Release|Any CPU.Build.0 = Release|Any CPU
	EndGlobalSection
	GlobalSection(SolutionProperties) = preSolution
		HideSolutionNode = FALSE
	EndGlobalSection
	GlobalSection(ExtensibilityGlobals) = postSolution
		SolutionGuid = {FFD7A961-7EFF-4AA7-91A6-CA878B245C9D}
	EndGlobalSection
EndGlobal
